// !$*UTF8*$!
{
	archiveVersion = 1;
	classes = {
	};
	objectVersion = 48;
	objects = {

/* Begin PBXBuildFile section */
		E235DF8B201755C10045E6E7 /* AppDelegate.swift in Sources */ = {isa = PBXBuildFile; fileRef = E235DF8A201755C10045E6E7 /* AppDelegate.swift */; };
		E235DF8D201755C10045E6E7 /* ViewController.swift in Sources */ = {isa = PBXBuildFile; fileRef = E235DF8C201755C10045E6E7 /* ViewController.swift */; };
		E235DF90201755C10045E6E7 /* Main.storyboard in Resources */ = {isa = PBXBuildFile; fileRef = E235DF8E201755C10045E6E7 /* Main.storyboard */; };
		E235DF93201755C10045E6E7 /* TestingCoreData.xcdatamodeld in Sources */ = {isa = PBXBuildFile; fileRef = E235DF91201755C10045E6E7 /* TestingCoreData.xcdatamodeld */; };
		E235DF95201755C10045E6E7 /* Assets.xcassets in Resources */ = {isa = PBXBuildFile; fileRef = E235DF94201755C10045E6E7 /* Assets.xcassets */; };
		E235DF98201755C10045E6E7 /* LaunchScreen.storyboard in Resources */ = {isa = PBXBuildFile; fileRef = E235DF96201755C10045E6E7 /* LaunchScreen.storyboard */; };
/* End PBXBuildFile section */

/* Begin PBXFileReference section */
		E235DF87201755C10045E6E7 /* TestingCoreData.app */ = {isa = PBXFileReference; explicitFileType = wrapper.application; includeInIndex = 0; path = TestingCoreData.app; sourceTree = BUILT_PRODUCTS_DIR; };
		E235DF8A201755C10045E6E7 /* AppDelegate.swift */ = {isa = PBXFileReference; lastKnownFileType = sourcecode.swift; path = AppDelegate.swift; sourceTree = "<group>"; };
		E235DF8C201755C10045E6E7 /* ViewController.swift */ = {isa = PBXFileReference; lastKnownFileType = sourcecode.swift; path = ViewController.swift; sourceTree = "<group>"; };
		E235DF8F201755C10045E6E7 /* Base */ = {isa = PBXFileReference; lastKnownFileType = file.storyboard; name = Base; path = Base.lproj/Main.storyboard; sourceTree = "<group>"; };
		E235DF92201755C10045E6E7 /* TestingCoreData.xcdatamodel */ = {isa = PBXFileReference; lastKnownFileType = wrapper.xcdatamodel; path = TestingCoreData.xcdatamodel; sourceTree = "<group>"; };
		E235DF94201755C10045E6E7 /* Assets.xcassets */ = {isa = PBXFileReference; lastKnownFileType = folder.assetcatalog; path = Assets.xcassets; sourceTree = "<group>"; };
		E235DF97201755C10045E6E7 /* Base */ = {isa = PBXFileReference; lastKnownFileType = file.storyboard; name = Base; path = Base.lproj/LaunchScreen.storyboard; sourceTree = "<group>"; };
		E235DF99201755C10045E6E7 /* Info.plist */ = {isa = PBXFileReference; lastKnownFileType = text.plist.xml; path = Info.plist; sourceTree = "<group>"; };
/* End PBXFileReference section */

/* Begin PBXFrameworksBuildPhase section */
		E235DF84201755C10045E6E7 /* Frameworks */ = {
			isa = PBXFrameworksBuildPhase;
			buildActionMask = 2147483647;
			files = (
			);
			runOnlyForDeploymentPostprocessing = 0;
		};
/* End PBXFrameworksBuildPhase section */

/* Begin PBXGroup section */
		E235DF7E201755C10045E6E7 = {
			isa = PBXGroup;
			children = (
				E235DF89201755C10045E6E7 /* TestingCoreData */,
				E235DF88201755C10045E6E7 /* Products */,
			);
			sourceTree = "<group>";
		};
		E235DF88201755C10045E6E7 /* Products */ = {
			isa = PBXGroup;
			children = (
				E235DF87201755C10045E6E7 /* TestingCoreData.app */,
			);
			name = Products;
			sourceTree = "<group>";
		};
		E235DF89201755C10045E6E7 /* TestingCoreData */ = {
			isa = PBXGroup;
			children = (
				E235DF8A201755C10045E6E7 /* AppDelegate.swift */,
				E235DF8C201755C10045E6E7 /* ViewController.swift */,
				E235DF8E201755C10045E6E7 /* Main.storyboard */,
				E235DF94201755C10045E6E7 /* Assets.xcassets */,
				E235DF96201755C10045E6E7 /* LaunchScreen.storyboard */,
				E235DF99201755C10045E6E7 /* Info.plist */,
				E235DF91201755C10045E6E7 /* TestingCoreData.xcdatamodeld */,
			);
			path = TestingCoreData;
			sourceTree = "<group>";
		};
/* End PBXGroup section */

/* Begin PBXNativeTarget section */
		E235DF86201755C10045E6E7 /* TestingCoreData */ = {
			isa = PBXNativeTarget;
			buildConfigurationList = E235DF9C201755C10045E6E7 /* Build configuration list for PBXNativeTarget "TestingCoreData" */;
			buildPhases = (
				E235DF83201755C10045E6E7 /* Sources */,
				E235DF84201755C10045E6E7 /* Frameworks */,
				E235DF85201755C10045E6E7 /* Resources */,
			);
			buildRules = (
			);
			dependencies = (
			);
			name = TestingCoreData;
			productName = TestingCoreData;
			productReference = E235DF87201755C10045E6E7 /* TestingCoreData.app */;
			productType = "com.apple.product-type.application";
		};
/* End PBXNativeTarget section */

/* Begin PBXProject section */
		E235DF7F201755C10045E6E7 /* Project object */ = {
			isa = PBXProject;
			attributes = {
				LastSwiftUpdateCheck = 0910;
				LastUpgradeCheck = 0910;
				ORGANIZATIONNAME = Ahmed;
				TargetAttributes = {
					E235DF86201755C10045E6E7 = {
						CreatedOnToolsVersion = 9.1;
						ProvisioningStyle = Automatic;
					};
				};
			};
			buildConfigurationList = E235DF82201755C10045E6E7 /* Build configuration list for PBXProject "TestingCoreData" */;
			compatibilityVersion = "Xcode 8.0";
			developmentRegion = en;
			hasScannedForEncodings = 0;
			knownRegions = (
				en,
				Base,
			);
			mainGroup = E235DF7E201755C10045E6E7;
			productRefGroup = E235DF88201755C10045E6E7 /* Products */;
			projectDirPath = "";
			projectRoot = "";
			targets = (
				E235DF86201755C10045E6E7 /* TestingCoreData */,
			);
		};
/* End PBXProject section */

/* Begin PBXResourcesBuildPhase section */
		E235DF85201755C10045E6E7 /* Resources */ = {
			isa = PBXResourcesBuildPhase;
			buildActionMask = 2147483647;
			files = (
				E235DF98201755C10045E6E7 /* LaunchScreen.storyboard in Resources */,
				E235DF95201755C10045E6E7 /* Assets.xcassets in Resources */,
				E235DF90201755C10045E6E7 /* Main.storyboard in Resources */,
			);
			runOnlyForDeploymentPostprocessing = 0;
		};
/* End PBXResourcesBuildPhase section */

/* Begin PBXSourcesBuildPhase section */
		E235DF83201755C10045E6E7 /* Sources */ = {
			isa = PBXSourcesBuildPhase;
			buildActionMask = 2147483647;
			files = (
				E235DF8D201755C10045E6E7 /* ViewController.swift in Sources */,
				E235DF93201755C10045E6E7 /* TestingCoreData.xcdatamodeld in Sources */,
				E235DF8B201755C10045E6E7 /* AppDelegate.swift in Sources */,
			);
			runOnlyForDeploymentPostprocessing = 0;
		};
/* End PBXSourcesBuildPhase section */

/* Begin PBXVariantGroup section */
		E235DF8E201755C10045E6E7 /* Main.storyboard */ = {
			isa = PBXVariantGroup;
			children = (
				E235DF8F201755C10045E6E7 /* Base */,
			);
			name = Main.storyboard;
			sourceTree = "<group>";
		};
		E235DF96201755C10045E6E7 /* LaunchScreen.storyboard */ = {
			isa = PBXVariantGroup;
			children = (
				E235DF97201755C10045E6E7 /* Base */,
			);
			name = LaunchScreen.storyboard;
			sourceTree = "<group>";
		};
/* End PBXVariantGroup section */

/* Begin XCBuildConfiguration section */
		E235DF9A201755C10045E6E7 /* Debug */ = {
			isa = XCBuildConfiguration;
			buildSettings = {
				ALWAYS_SEARCH_USER_PATHS = NO;
				CLANG_ANALYZER_NONNULL = YES;
				CLANG_ANALYZER_NUMBER_OBJECT_CONVERSION = YES_AGGRESSIVE;
				CLANG_CXX_LANGUAGE_STANDARD = "gnu++14";
				CLANG_CXX_LIBRARY = "libc++";
				CLANG_ENABLE_MODULES = YES;
				CLANG_ENABLE_OBJC_ARC = YES;
				CLANG_WARN_BLOCK_CAPTURE_AUTORELEASING = YES;
				CLANG_WARN_BOOL_CONVERSION = YES;
				CLANG_WARN_COMMA = YES;
				CLANG_WARN_CONSTANT_CONVERSION = YES;
				CLANG_WARN_DIRECT_OBJC_ISA_USAGE = YES_ERROR;
				CLANG_WARN_DOCUMENTATION_COMMENTS = YES;
				CLANG_WARN_EMPTY_BODY = YES;
				CLANG_WARN_ENUM_CONVERSION = YES;
				CLANG_WARN_INFINITE_RECURSION = YES;
				CLANG_WARN_INT_CONVERSION = YES;
				CLANG_WARN_NON_LITERAL_NULL_CONVERSION = YES;
				CLANG_WARN_OBJC_LITERAL_CONVERSION = YES;
				CLANG_WARN_OBJC_ROOT_CLASS = YES_ERROR;
				CLANG_WARN_RANGE_LOOP_ANALYSIS = YES;
				CLANG_WARN_STRICT_PROTOTYPES = YES;
				CLANG_WARN_SUSPICIOUS_MOVE = YES;
				CLANG_WARN_UNGUARDED_AVAILABILITY = YES_AGGRESSIVE;
				CLANG_WARN_UNREACHABLE_CODE = YES;
				CLANG_WARN__DUPLICATE_METHOD_MATCH = YES;
				CODE_SIGN_IDENTITY = "iPhone Developer";
				COPY_PHASE_STRIP = NO;
				DEBUG_INFORMATION_FORMAT = dwarf;
				ENABLE_STRICT_OBJC_MSGSEND = YES;
				ENABLE_TESTABILITY = YES;
				GCC_C_LANGUAGE_STANDARD = gnu11;
				GCC_DYNAMIC_NO_PIC = NO;
				GCC_NO_COMMON_BLOCKS = YES;
				GCC_OPTIMIZATION_LEVEL = 0;
				GCC_PREPROCESSOR_DEFINITIONS = (
					"DEBUG=1",
					"$(inherited)",
				);
				GCC_WARN_64_TO_32_BIT_CONVERSION = YES;
				GCC_WARN_ABOUT_RETURN_TYPE = YES_ERROR;
				GCC_WARN_UNDECLARED_SELECTOR = YES;
				GCC_WARN_UNINITIALIZED_AUTOS = YES_AGGRESSIVE;
				GCC_WARN_UNUSED_FUNCTION = YES;
				GCC_WARN_UNUSED_VARIABLE = YES;
				IPHONEOS_DEPLOYMENT_TARGET = 11.1;
				MTL_ENABLE_DEBUG_INFO = YES;
				ONLY_ACTIVE_ARCH = YES;
				SDKROOT = iphoneos;
				SWIFT_ACTIVE_COMPILATION_CONDITIONS = DEBUG;
				SWIFT_OPTIMIZATION_LEVEL = "-Onone";
			};
			name = Debug;
		};
		E235DF9B201755C10045E6E7 /* Release */ = {
			isa = XCBuildConfiguration;
			buildSettings = {
				ALWAYS_SEARCH_USER_PATHS = NO;
				CLANG_ANALYZER_NONNULL = YES;
				CLANG_ANALYZER_NUMBER_OBJECT_CONVERSION = YES_AGGRESSIVE;
				CLANG_CXX_LANGUAGE_STANDARD = "gnu++14";
				CLANG_CXX_LIBRARY = "libc++";
				CLANG_ENABLE_MODULES = YES;
				CLANG_ENABLE_OBJC_ARC = YES;
				CLANG_WARN_BLOCK_CAPTURE_AUTORELEASING = YES;
				CLANG_WARN_BOOL_CONVERSION = YES;
				CLANG_WARN_COMMA = YES;
				CLANG_WARN_CONSTANT_CONVERSION = YES;
				CLANG_WARN_DIRECT_OBJC_ISA_USAGE = YES_ERROR;
				CLANG_WARN_DOCUMENTATION_COMMENTS = YES;
				CLANG_WARN_EMPTY_BODY = YES;
				CLANG_WARN_ENUM_CONVERSION = YES;
				CLANG_WARN_INFINITE_RECURSION = YES;
				CLANG_WARN_INT_CONVERSION = YES;
				CLANG_WARN_NON_LITERAL_NULL_CONVERSION = YES;
				CLANG_WARN_OBJC_LITERAL_CONVERSION = YES;
				CLANG_WARN_OBJC_ROOT_CLASS = YES_ERROR;
				CLANG_WARN_RANGE_LOOP_ANALYSIS = YES;
				CLANG_WARN_STRICT_PROTOTYPES = YES;
				CLANG_WARN_SUSPICIOUS_MOVE = YES;
				CLANG_WARN_UNGUARDED_AVAILABILITY = YES_AGGRESSIVE;
				CLANG_WARN_UNREACHABLE_CODE = YES;
				CLANG_WARN__DUPLICATE_METHOD_MATCH = YES;
				CODE_SIGN_IDENTITY = "iPhone Developer";
				COPY_PHASE_STRIP = NO;
				DEBUG_INFORMATION_FORMAT = "dwarf-with-dsym";
				ENABLE_NS_ASSERTIONS = NO;
				ENABLE_STRICT_OBJC_MSGSEND = YES;
				GCC_C_LANGUAGE_STANDARD = gnu11;
				GCC_NO_COMMON_BLOCKS = YES;
				GCC_WARN_64_TO_32_BIT_CONVERSION = YES;
				GCC_WARN_ABOUT_RETURN_TYPE = YES_ERROR;
				GCC_WARN_UNDECLARED_SELECTOR = YES;
				GCC_WARN_UNINITIALIZED_AUTOS = YES_AGGRESSIVE;
				GCC_WARN_UNUSED_FUNCTION = YES;
				GCC_WARN_UNUSED_VARIABLE = YES;
				IPHONEOS_DEPLOYMENT_TARGET = 11.1;
				MTL_ENABLE_DEBUG_INFO = NO;
				SDKROOT = iphoneos;
				SWIFT_OPTIMIZATION_LEVEL = "-Owholemodule";
				VALIDATE_PRODUCT = YES;
			};
			name = Release;
		};
		E235DF9D201755C10045E6E7 /* Debug */ = {
			isa = XCBuildConfiguration;
			buildSettings = {
				ASSETCATALOG_COMPILER_APPICON_NAME = AppIcon;
				CODE_SIGN_STYLE = Automatic;
				INFOPLIST_FILE = TestingCoreData/Info.plist;
				LD_RUNPATH_SEARCH_PATHS = "$(inherited) @executable_path/Frameworks";
				PRODUCT_BUNDLE_IDENTIFIER = almsoftsol.TestingCoreData;
				PRODUCT_NAME = "$(TARGET_NAME)";
				SWIFT_VERSION = 4.0;
				TARGETED_DEVICE_FAMILY = "1,2";
			};
			name = Debug;
		};
		E235DF9E201755C10045E6E7 /* Release */ = {
			isa = XCBuildConfiguration;
			buildSettings = {
				ASSETCATALOG_COMPILER_APPICON_NAME = AppIcon;
				CODE_SIGN_STYLE = Automatic;
				INFOPLIST_FILE = TestingCoreData/Info.plist;
				LD_RUNPATH_SEARCH_PATHS = "$(inherited) @executable_path/Frameworks";
				PRODUCT_BUNDLE_IDENTIFIER = almsoftsol.TestingCoreData;
				PRODUCT_NAME = "$(TARGET_NAME)";
				SWIFT_VERSION = 4.0;
				TARGETED_DEVICE_FAMILY = "1,2";
			};
			name = Release;
		};
/* End XCBuildConfiguration section */

/* Begin XCConfigurationList section */
		E235DF82201755C10045E6E7 /* Build configuration list for PBXProject "TestingCoreData" */ = {
			isa = XCConfigurationList;
			buildConfigurations = (
				E235DF9A201755C10045E6E7 /* Debug */,
				E235DF9B201755C10045E6E7 /* Release */,
			);
			defaultConfigurationIsVisible = 0;
			defaultConfigurationName = Release;
		};
		E235DF9C201755C10045E6E7 /* Build configuration list for PBXNativeTarget "TestingCoreData" */ = {
			isa = XCConfigurationList;
			buildConfigurations = (
				E235DF9D201755C10045E6E7 /* Debug */,
				E235DF9E201755C10045E6E7 /* Release */,
			);
			defaultConfigurationIsVisible = 0;
			defaultConfigurationName = Release;
		};
/* End XCConfigurationList section */

/* Begin XCVersionGroup section */
		E235DF91201755C10045E6E7 /* TestingCoreData.xcdatamodeld */ = {
			isa = XCVersionGroup;
			children = (
				E235DF92201755C10045E6E7 /* TestingCoreData.xcdatamodel */,
			);
			currentVersion = E235DF92201755C10045E6E7 /* TestingCoreData.xcdatamodel */;
			path = TestingCoreData.xcdatamodeld;
			sourceTree = "<group>";
			versionGroupType = wrapper.xcdatamodel;
		};
/* End XCVersionGroup section */
	};
	rootObject = E235DF7F201755C10045E6E7 /* Project object */;
}
